PODS:
  - Bolts-Swift (1.5.0)
  - PromiseKit (6.13.1):
    - PromiseKit/CorePromise (= 6.13.1)
    - PromiseKit/Foundation (= 6.13.1)
    - PromiseKit/UIKit (= 6.13.1)
  - PromiseKit/CorePromise (6.13.1)
  - PromiseKit/Foundation (6.13.1):
    - PromiseKit/CorePromise
  - PromiseKit/UIKit (6.13.1):
    - PromiseKit/CorePromise
  - RxSwift (5.1.1)

DEPENDENCIES:
  - Bolts-Swift
  - PromiseKit
  - RxSwift

SPEC REPOS:
  trunk:
    - Bolts-Swift
    - PromiseKit
    - RxSwift

SPEC CHECKSUMS:
  Bolts-Swift: afbbaf8c8186e7f769be4afa656949c14087ba44
  PromiseKit: 28fda91c973cc377875d8c0ea4f973013c05b6db
  RxSwift: 81470a2074fa8780320ea5fe4102807cb7118178

PODFILE CHECKSUM: db8efc2ced30bb804339598634d3c82a67fed2e0

COCOAPODS: 1.9.1
